
Microsoft Visual Studio Solution File, Format Version 12.00
# Visual Studio 15
VisualStudioVersion = 15.0.26906.1
MinimumVisualStudioVersion = 10.0.40219.1
Project("{9A19103F-16F7-4668-BE54-9A1E7A4F7556}") = "WorkItemWeb", "WorkItemWeb\WorkItemWeb.csproj", "{639E83E8-0DB3-4CC4-AA5B-BE43AFCCF83F}"
EndProject
Project("{FAE04EC0-301F-11D3-BF4B-00C04F79EFBC}") = "VSTS", "VSTS\VSTS.csproj", "{00A39C4A-FB8D-4EA8-B805-F3C0E1F857E5}"
EndProject
Global
	GlobalSection(SolutionConfigurationPlatforms) = preSolution
		Debug|Any CPU = Debug|Any CPU
		Release|Any CPU = Release|Any CPU
	EndGlobalSection
	GlobalSection(ProjectConfigurationPlatforms) = postSolution
		{639E83E8-0DB3-4CC4-AA5B-BE43AFCCF83F}.Debug|Any CPU.ActiveCfg = Debug|Any CPU
		{639E83E8-0DB3-4CC4-AA5B-BE43AFCCF83F}.Debug|Any CPU.Build.0 = Debug|Any CPU
		{639E83E8-0DB3-4CC4-AA5B-BE43AFCCF83F}.Release|Any CPU.ActiveCfg = Release|Any CPU
		{639E83E8-0DB3-4CC4-AA5B-BE43AFCCF83F}.Release|Any CPU.Build.0 = Release|Any CPU
		{00A39C4A-FB8D-4EA8-B805-F3C0E1F857E5}.Debug|Any CPU.ActiveCfg = Debug|Any CPU
		{00A39C4A-FB8D-4EA8-B805-F3C0E1F857E5}.Debug|Any CPU.Build.0 = Debug|Any CPU
		{00A39C4A-FB8D-4EA8-B805-F3C0E1F857E5}.Debug|Any CPU.Deploy.0 = Debug|Any CPU
		{00A39C4A-FB8D-4EA8-B805-F3C0E1F857E5}.Release|Any CPU.ActiveCfg = Release|Any CPU
		{00A39C4A-FB8D-4EA8-B805-F3C0E1F857E5}.Release|Any CPU.Build.0 = Release|Any CPU
		{00A39C4A-FB8D-4EA8-B805-F3C0E1F857E5}.Release|Any CPU.Deploy.0 = Release|Any CPU
	EndGlobalSection
	GlobalSection(SolutionProperties) = preSolution
		HideSolutionNode = FALSE
	EndGlobalSection
	GlobalSection(ExtensibilityGlobals) = postSolution
		SolutionGuid = {1397A577-F7D4-4369-82C7-EC0D4ACB6F55}
	EndGlobalSection
EndGlobal
